# This file is autogenerated, do not edit; changes may be undone by the next 'dep ensure'.


[[projects]]
  name = "github.com/Machiel/slugify"
  packages = ["."]
  revision = "d7f9bcd23b5963c8cf57acbce25b9fec17897c61"
  version = "v1.0.1"

[[projects]]
  name = "github.com/PuerkitoBio/goquery"
  packages = ["."]
  revision = "e1271ee34c6a305e38566ecd27ae374944907ee9"
  version = "v1.1.0"

[[projects]]
  branch = "master"
  name = "github.com/andybalholm/cascadia"
  packages = ["."]
  revision = "349dd0209470eabd9514242c688c403c0926d266"

[[projects]]
  branch = "master"
  name = "github.com/logrusorgru/aurora"
  packages = ["."]
  revision = "b9c3722b64a1976e0624448ee7f5a0744b8cf629"

[[projects]]
  branch = "master"
  name = "golang.org/x/net"
  packages = ["html","html/atom"]
  revision = "434ec0c7fe3742c984919a691b2018a6e9694425"

[solve-meta]
  analyzer-name = "dep"
  analyzer-version = 1
  inputs-digest = "8aaf043f302ebee1d7e599b2819de8b6ecb898905f89a68c4ef15e0997e9271c"
  solver-name = "gps-cdcl"
  solver-version = 1
